
Microsoft Visual Studio Solution File, Format Version 12.00
# Visual Studio Version 17
VisualStudioVersion = 17.10.34928.147
MinimumVisualStudioVersion = 10.0.40219.1
Project("{9A19103F-16F7-4668-BE54-9A1E7A4F7556}") = "lab4_KPZ", "lab4_KPZ\lab4_KPZ.csproj", "{6539FCCA-0AE9-434C-B180-AC730AE9751A}"
EndProject
Project("{54A90642-561A-4BB1-A94E-469ADEE60C69}") = "UI_Lab5", "UI_Lab5\UI_Lab5.esproj", "{538E98AF-BBEC-4F29-9C93-5911E516F4EC}"
EndProject
Global
	GlobalSection(SolutionConfigurationPlatforms) = preSolution
		Debug|Any CPU = Debug|Any CPU
		Release|Any CPU = Release|Any CPU
	EndGlobalSection
	GlobalSection(ProjectConfigurationPlatforms) = postSolution
		{6539FCCA-0AE9-434C-B180-AC730AE9751A}.Debug|Any CPU.ActiveCfg = Debug|Any CPU
		{6539FCCA-0AE9-434C-B180-AC730AE9751A}.Debug|Any CPU.Build.0 = Debug|Any CPU
		{6539FCCA-0AE9-434C-B180-AC730AE9751A}.Release|Any CPU.ActiveCfg = Release|Any CPU
		{6539FCCA-0AE9-434C-B180-AC730AE9751A}.Release|Any CPU.Build.0 = Release|Any CPU
		{538E98AF-BBEC-4F29-9C93-5911E516F4EC}.Debug|Any CPU.ActiveCfg = Debug|Any CPU
		{538E98AF-BBEC-4F29-9C93-5911E516F4EC}.Debug|Any CPU.Build.0 = Debug|Any CPU
		{538E98AF-BBEC-4F29-9C93-5911E516F4EC}.Debug|Any CPU.Deploy.0 = Debug|Any CPU
		{538E98AF-BBEC-4F29-9C93-5911E516F4EC}.Release|Any CPU.ActiveCfg = Release|Any CPU
		{538E98AF-BBEC-4F29-9C93-5911E516F4EC}.Release|Any CPU.Build.0 = Release|Any CPU
		{538E98AF-BBEC-4F29-9C93-5911E516F4EC}.Release|Any CPU.Deploy.0 = Release|Any CPU
	EndGlobalSection
	GlobalSection(SolutionProperties) = preSolution
		HideSolutionNode = FALSE
	EndGlobalSection
	GlobalSection(ExtensibilityGlobals) = postSolution
		SolutionGuid = {AF0E9B8E-A50D-4AF3-A9EE-19E61742E182}
	EndGlobalSection
EndGlobal
